
Microsoft Visual Studio Solution File, Format Version 12.00
# Visual Studio Version 16
VisualStudioVersion = 16.0.30717.126
MinimumVisualStudioVersion = 10.0.40219.1
Project("{8BC9CEB8-8B4A-11D0-8D11-00A0C91BC942}") = "c-programming-002-rectangle", "c-programming-002-rectangle\c-programming-002-rectangle.vcxproj", "{4DFF2DD2-B6C1-47A4-A5F2-FAE4AEABEE61}"
EndProject
Global
	GlobalSection(SolutionConfigurationPlatforms) = preSolution
		Debug|x64 = Debug|x64
		Debug|x86 = Debug|x86
		Release|x64 = Release|x64
		Release|x86 = Release|x86
	EndGlobalSection
	GlobalSection(ProjectConfigurationPlatforms) = postSolution
		{4DFF2DD2-B6C1-47A4-A5F2-FAE4AEABEE61}.Debug|x64.ActiveCfg = Debug|x64
		{4DFF2DD2-B6C1-47A4-A5F2-FAE4AEABEE61}.Debug|x64.Build.0 = Debug|x64
		{4DFF2DD2-B6C1-47A4-A5F2-FAE4AEABEE61}.Debug|x86.ActiveCfg = Debug|Win32
		{4DFF2DD2-B6C1-47A4-A5F2-FAE4AEABEE61}.Debug|x86.Build.0 = Debug|Win32
		{4DFF2DD2-B6C1-47A4-A5F2-FAE4AEABEE61}.Release|x64.ActiveCfg = Release|x64
		{4DFF2DD2-B6C1-47A4-A5F2-FAE4AEABEE61}.Release|x64.Build.0 = Release|x64
		{4DFF2DD2-B6C1-47A4-A5F2-FAE4AEABEE61}.Release|x86.ActiveCfg = Release|Win32
		{4DFF2DD2-B6C1-47A4-A5F2-FAE4AEABEE61}.Release|x86.Build.0 = Release|Win32
	EndGlobalSection
	GlobalSection(SolutionProperties) = preSolution
		HideSolutionNode = FALSE
	EndGlobalSection
	GlobalSection(ExtensibilityGlobals) = postSolution
		SolutionGuid = {A09D3B96-6723-4533-B237-98478659A7E7}
	EndGlobalSection
EndGlobal
